<?xml version="1.0" encoding="utf-8"?>
<Project ToolsVersion="4.0" xmlns="http://schemas.microsoft.com/developer/msbuild/2003">
  <ItemGroup>
    <Filter Include="Source Files">
      <UniqueIdentifier>{4FC737F1-C7A5-4376-A066-2A32D752A2FF}</UniqueIdentifier>
      <Extensions>cpp;c;cc;cxx;def;odl;idl;hpj;bat;asm;asmx</Extensions>
    </Filter>
    <Filter Include="Header Files">
      <UniqueIdentifier>{93995380-89BD-4b04-88EB-625FBE52EBFB}</UniqueIdentifier>
      <Extensions>h;hpp;hxx;hm;inl;inc;xsd</Extensions>
    </Filter>
    <Filter Include="Resource Files">
      <UniqueIdentifier>{67DA6AB6-F800-4c08-8B7A-83BB121AAD01}</UniqueIdentifier>
      <Extensions>rc;ico;cur;bmp;dlg;rc2;rct;bin;rgs;gif;jpg;jpeg;jpe;resx;tiff;tif;png;wav;mfcribbon-ms</Extensions>
    </Filter>
    <Filter Include="Source Files\Game">
      <UniqueIdentifier>{3d8c4675-7043-4926-a1e3-b5831ece74d2}</UniqueIdentifier>
    </Filter>
    <Filter Include="Header Files\Game">
      <UniqueIdentifier>{f5f15c2b-b07f-44dc-831b-765d13f9646c}</UniqueIdentifier>
    </Filter>
    <Filter Include="Header Files\Characters">
      <UniqueIdentifier>{fed1959c-2cb5-4788-9b34-27041b97e360}</UniqueIdentifier>
    </Filter>
    <Filter Include="Source Files\Characters">
      <UniqueIdentifier>{6014bcd1-a175-4e88-9aa9-fd3d932f027f}</UniqueIdentifier>
    </Filter>
    <Filter Include="Source Files\Game\States">
      <UniqueIdentifier>{12af7c3f-b42a-49b7-9121-2c12c82f5e84}</UniqueIdentifier>
    </Filter>
    <Filter Include="Header Files\Game\States">
      <UniqueIdentifier>{f9cb02e9-aa80-435b-b0b3-9c162ae98c90}</UniqueIdentifier>
    </Filter>
    <Filter Include="Header Files\Items">
      <UniqueIdentifier>{7902628d-1323-4160-be91-4cad82717203}</UniqueIdentifier>
    </Filter>
    <Filter Include="Source Files\Items">
      <UniqueIdentifier>{d0b29b0d-7cb7-4c75-a406-67386151a9db}</UniqueIdentifier>
    </Filter>
  </ItemGroup>
  <ItemGroup>
    <ClCompile Include="game.cpp">
      <Filter>Source Files\Game</Filter>
    </ClCompile>
    <ClCompile Include="Label.cpp">
      <Filter>Source Files\Game</Filter>
    </ClCompile>
    <ClCompile Include="Main.cpp">
      <Filter>Source Files\Game</Filter>
    </ClCompile>
    <ClCompile Include="Raider.cpp">
      <Filter>Source Files\Characters</Filter>
    </ClCompile>
    <ClCompile Include="Player.cpp">
      <Filter>Source Files\Characters</Filter>
    </ClCompile>
    <ClCompile Include="Monster.cpp">
      <Filter>Source Files\Characters</Filter>
    </ClCompile>
    <ClCompile Include="Brute.cpp">
      <Filter>Source Files\Characters</Filter>
    </ClCompile>
    <ClCompile Include="Fodder.cpp">
      <Filter>Source Files\Characters</Filter>
    </ClCompile>
    <ClCompile Include="gameOverState.cpp">
      <Filter>Source Files\Game\States</Filter>
    </ClCompile>
    <ClCompile Include="stateBattle.cpp">
      <Filter>Source Files\Game\States</Filter>
    </ClCompile>
    <ClCompile Include="stateCredits.cpp">
      <Filter>Source Files\Game\States</Filter>
    </ClCompile>
    <ClCompile Include="stateMainMenu.cpp">
      <Filter>Source Files\Game\States</Filter>
    </ClCompile>
    <ClCompile Include="statePlay.cpp">
      <Filter>Source Files\Game\States</Filter>
    </ClCompile>
    <ClCompile Include="stateSplash.cpp">
      <Filter>Source Files\Game\States</Filter>
    </ClCompile>
    <ClCompile Include="HealthPack.cpp">
      <Filter>Source Files\Items</Filter>
    </ClCompile>
    <ClCompile Include="Items.cpp">
      <Filter>Source Files\Items</Filter>
    </ClCompile>
    <ClCompile Include="CombatPack.cpp">
      <Filter>Source Files\Items</Filter>
    </ClCompile>
    <ClCompile Include="StimulantPack.cpp">
      <Filter>Source Files\Items</Filter>
    </ClCompile>
    <ClCompile Include="stateCharacterSelect.cpp">
      <Filter>Source Files\Game\States</Filter>
    </ClCompile>
  </ItemGroup>
  <ItemGroup>
    <ClInclude Include="game.h">
      <Filter>Header Files\Game</Filter>
    </ClInclude>
    <ClInclude Include="Label.h">
      <Filter>Header Files\Game</Filter>
    </ClInclude>
    <ClInclude Include="Raider.h">
      <Filter>Header Files\Characters</Filter>
    </ClInclude>
    <ClInclude Include="Player.h">
      <Filter>Header Files\Characters</Filter>
    </ClInclude>
    <ClInclude Include="Monster.h">
      <Filter>Header Files\Characters</Filter>
    </ClInclude>
    <ClInclude Include="Brute.h">
      <Filter>Header Files\Characters</Filter>
    </ClInclude>
    <ClInclude Include="Fodder.h">
      <Filter>Header Files\Characters</Filter>
    </ClInclude>
    <ClInclude Include="gameOverState.h">
      <Filter>Header Files\Game\States</Filter>
    </ClInclude>
    <ClInclude Include="gameState.h">
      <Filter>Header Files\Game\States</Filter>
    </ClInclude>
    <ClInclude Include="stateBattle.h">
      <Filter>Header Files\Game\States</Filter>
    </ClInclude>
    <ClInclude Include="stateCredits.h">
      <Filter>Header Files\Game\States</Filter>
    </ClInclude>
    <ClInclude Include="stateMainMenu.h">
      <Filter>Header Files\Game\States</Filter>
    </ClInclude>
    <ClInclude Include="statePlay.h">
      <Filter>Header Files\Game\States</Filter>
    </ClInclude>
    <ClInclude Include="stateSplash.h">
      <Filter>Header Files\Game\States</Filter>
    </ClInclude>
    <ClInclude Include="HealthPack.h">
      <Filter>Header Files\Items</Filter>
    </ClInclude>
    <ClInclude Include="Items.h">
      <Filter>Header Files\Items</Filter>
    </ClInclude>
    <ClInclude Include="StimulantPack.h">
      <Filter>Header Files\Items</Filter>
    </ClInclude>
    <ClInclude Include="CombatPack.h">
      <Filter>Header Files\Items</Filter>
    </ClInclude>
    <ClInclude Include="stateCharacterSelect.h">
      <Filter>Header Files\Game\States</Filter>
    </ClInclude>
  </ItemGroup>
</Project>